Microsoft Visual Studio Solution File, Format Version 12.00
# Visual Studio 2012
Project("{FAE04EC0-301F-11D3-BF4B-00C04F79EFBC}") = "ATOMIC ELEMENTARY SCHOOL- Recess Battle Simulator", "ATOMIC ELEMENTARY SCHOOL- Recess Battle Simulator.csproj", "{D3069164-20F8-498B-9AFB-811FE15D0A8F}"
EndProject
Global
	GlobalSection(SolutionConfigurationPlatforms) = preSolution
	Debug|Any CPU = Debug|Any CPU
	ExportDebug|Any CPU = ExportDebug|Any CPU
	ExportRelease|Any CPU = ExportRelease|Any CPU
	EndGlobalSection
	GlobalSection(ProjectConfigurationPlatforms) = postSolution
		{D3069164-20F8-498B-9AFB-811FE15D0A8F}.Debug|Any CPU.ActiveCfg = Debug|Any CPU
		{D3069164-20F8-498B-9AFB-811FE15D0A8F}.Debug|Any CPU.Build.0 = Debug|Any CPU
		{D3069164-20F8-498B-9AFB-811FE15D0A8F}.ExportDebug|Any CPU.ActiveCfg = ExportDebug|Any CPU
		{D3069164-20F8-498B-9AFB-811FE15D0A8F}.ExportDebug|Any CPU.Build.0 = ExportDebug|Any CPU
		{D3069164-20F8-498B-9AFB-811FE15D0A8F}.ExportRelease|Any CPU.ActiveCfg = ExportRelease|Any CPU
		{D3069164-20F8-498B-9AFB-811FE15D0A8F}.ExportRelease|Any CPU.Build.0 = ExportRelease|Any CPU
	EndGlobalSection
EndGlobal
